
Microsoft Visual Studio Solution File, Format Version 12.00
# Visual Studio Version 16
VisualStudioVersion = 16.0.33027.164
MinimumVisualStudioVersion = 10.0.40219.1
Project("{FAE04EC0-301F-11D3-BF4B-00C04F79EFBC}") = "PatronChainDivisas", "PatronChainDivisas\PatronChainDivisas.csproj", "{0F7A73EF-47BD-48B8-BA16-B478253CC6EB}"
EndProject
Project("{FAE04EC0-301F-11D3-BF4B-00C04F79EFBC}") = "BE", "BE\BE.csproj", "{534D8B32-F866-4751-AAF1-2663385EC80D}"
EndProject
Project("{FAE04EC0-301F-11D3-BF4B-00C04F79EFBC}") = "Negocio", "Negocio\Negocio.csproj", "{1A15E373-CA27-4C3B-B1D8-262819FDCF22}"
EndProject
Global
	GlobalSection(SolutionConfigurationPlatforms) = preSolution
		Debug|Any CPU = Debug|Any CPU
		Release|Any CPU = Release|Any CPU
	EndGlobalSection
	GlobalSection(ProjectConfigurationPlatforms) = postSolution
		{0F7A73EF-47BD-48B8-BA16-B478253CC6EB}.Debug|Any CPU.ActiveCfg = Debug|Any CPU
		{0F7A73EF-47BD-48B8-BA16-B478253CC6EB}.Debug|Any CPU.Build.0 = Debug|Any CPU
		{0F7A73EF-47BD-48B8-BA16-B478253CC6EB}.Release|Any CPU.ActiveCfg = Release|Any CPU
		{0F7A73EF-47BD-48B8-BA16-B478253CC6EB}.Release|Any CPU.Build.0 = Release|Any CPU
		{534D8B32-F866-4751-AAF1-2663385EC80D}.Debug|Any CPU.ActiveCfg = Debug|Any CPU
		{534D8B32-F866-4751-AAF1-2663385EC80D}.Debug|Any CPU.Build.0 = Debug|Any CPU
		{534D8B32-F866-4751-AAF1-2663385EC80D}.Release|Any CPU.ActiveCfg = Release|Any CPU
		{534D8B32-F866-4751-AAF1-2663385EC80D}.Release|Any CPU.Build.0 = Release|Any CPU
		{1A15E373-CA27-4C3B-B1D8-262819FDCF22}.Debug|Any CPU.ActiveCfg = Debug|Any CPU
		{1A15E373-CA27-4C3B-B1D8-262819FDCF22}.Debug|Any CPU.Build.0 = Debug|Any CPU
		{1A15E373-CA27-4C3B-B1D8-262819FDCF22}.Release|Any CPU.ActiveCfg = Release|Any CPU
		{1A15E373-CA27-4C3B-B1D8-262819FDCF22}.Release|Any CPU.Build.0 = Release|Any CPU
	EndGlobalSection
	GlobalSection(SolutionProperties) = preSolution
		HideSolutionNode = FALSE
	EndGlobalSection
	GlobalSection(ExtensibilityGlobals) = postSolution
		SolutionGuid = {54EA147D-B9C3-4478-A0A0-36141F928DDA}
	EndGlobalSection
EndGlobal
